
Microsoft Visual Studio Solution File, Format Version 12.00
# Visual Studio Version 17
VisualStudioVersion = 17.14.37111.16 d17.14
MinimumVisualStudioVersion = 10.0.40219.1
Project("{FAE04EC0-301F-11D3-BF4B-00C04F79EFBC}") = "FilesApi", "FilesApi.csproj", "{B21DE456-D4B9-4D36-B0F1-D8179C9CACE5}"
EndProject
Global
	GlobalSection(SolutionConfigurationPlatforms) = preSolution
		Debug|Any CPU = Debug|Any CPU
		Release|Any CPU = Release|Any CPU
	EndGlobalSection
	GlobalSection(ProjectConfigurationPlatforms) = postSolution
		{B21DE456-D4B9-4D36-B0F1-D8179C9CACE5}.Debug|Any CPU.ActiveCfg = Debug|Any CPU
		{B21DE456-D4B9-4D36-B0F1-D8179C9CACE5}.Debug|Any CPU.Build.0 = Debug|Any CPU
		{B21DE456-D4B9-4D36-B0F1-D8179C9CACE5}.Release|Any CPU.ActiveCfg = Release|Any CPU
		{B21DE456-D4B9-4D36-B0F1-D8179C9CACE5}.Release|Any CPU.Build.0 = Release|Any CPU
	EndGlobalSection
	GlobalSection(SolutionProperties) = preSolution
		HideSolutionNode = FALSE
	EndGlobalSection
	GlobalSection(ExtensibilityGlobals) = postSolution
		SolutionGuid = {865C0355-5D2F-46C8-B48F-3BBBE8E01D28}
	EndGlobalSection
EndGlobal
